
Microsoft Visual Studio Solution File, Format Version 12.00
# Visual Studio 14
VisualStudioVersion = 14.0.24720.0
MinimumVisualStudioVersion = 10.0.40219.1
Project("{8BB2217D-0F2D-49D1-97BC-3654ED321F3B}") = "CavemanTools", "CavemanTools\CavemanTools.xproj", "{EF2B24C9-42E3-4885-A7A3-3FEF8A42202C}"
EndProject
Project("{2150E333-8FDC-42A3-9474-1A3956D46DE8}") = "Solution Items", "Solution Items", "{E377377B-C6AE-4B2D-8594-6EE0F4A0F1BE}"
	ProjectSection(SolutionItems) = preProject
		CavemanTools\global.json = CavemanTools\global.json
	EndProjectSection
EndProject
Project("{8BB2217D-0F2D-49D1-97BC-3654ED321F3B}") = "Tests", "Tests\Tests.xproj", "{94E10873-4499-4B22-A916-272636E8E208}"
EndProject
Global
	GlobalSection(SolutionConfigurationPlatforms) = preSolution
		Debug|Any CPU = Debug|Any CPU
		Release|Any CPU = Release|Any CPU
	EndGlobalSection
	GlobalSection(ProjectConfigurationPlatforms) = postSolution
		{EF2B24C9-42E3-4885-A7A3-3FEF8A42202C}.Debug|Any CPU.ActiveCfg = Debug|Any CPU
		{EF2B24C9-42E3-4885-A7A3-3FEF8A42202C}.Debug|Any CPU.Build.0 = Debug|Any CPU
		{EF2B24C9-42E3-4885-A7A3-3FEF8A42202C}.Release|Any CPU.ActiveCfg = Release|Any CPU
		{EF2B24C9-42E3-4885-A7A3-3FEF8A42202C}.Release|Any CPU.Build.0 = Release|Any CPU
		{94E10873-4499-4B22-A916-272636E8E208}.Debug|Any CPU.ActiveCfg = Debug|Any CPU
		{94E10873-4499-4B22-A916-272636E8E208}.Debug|Any CPU.Build.0 = Debug|Any CPU
		{94E10873-4499-4B22-A916-272636E8E208}.Release|Any CPU.ActiveCfg = Release|Any CPU
		{94E10873-4499-4B22-A916-272636E8E208}.Release|Any CPU.Build.0 = Release|Any CPU
	EndGlobalSection
	GlobalSection(SolutionProperties) = preSolution
		HideSolutionNode = FALSE
	EndGlobalSection
EndGlobal
